
Microsoft Visual Studio Solution File, Format Version 12.00
# Visual Studio Version 17
VisualStudioVersion = 17.14.36212.18
MinimumVisualStudioVersion = 10.0.40219.1
Project("{FAE04EC0-301F-11D3-BF4B-00C04F79EFBC}") = "WpfAppMC", "WpfApp\WpfAppMC\WpfAppMC.csproj", "{CCB27DF8-3BC7-D41C-5BA3-0EC0654F28B4}"
EndProject
Project("{2150E333-8FDC-42A3-9474-1A3956D46DE8}") = "WpfApp", "WpfApp", "{02EA681E-C7D8-13C7-8484-4AC65E1B71E8}"
EndProject
Project("{FAE04EC0-301F-11D3-BF4B-00C04F79EFBC}") = "WpfAppMW", "WpfApp\WpfAppMW\WpfAppMW.csproj", "{0A303190-1C60-F172-719E-031EC180B926}"
EndProject
Project("{2150E333-8FDC-42A3-9474-1A3956D46DE8}") = "WPFDataBinding", "WPFDataBinding", "{D3CD7E9E-B12D-485B-AE4D-4D605DC039CA}"
EndProject
Project("{FAE04EC0-301F-11D3-BF4B-00C04F79EFBC}") = "WPFDataBindingOneWay", "WPFDataBinding\WPFDataBindingOneWay\WPFDataBindingOneWay.csproj", "{C85EC645-6F4A-1ABF-1069-0DB60A2F7B50}"
EndProject
Project("{FAE04EC0-301F-11D3-BF4B-00C04F79EFBC}") = "WPFDataBindingTwoWays", "WPFDataBinding\WPFDataBindingTwoWays\WPFDataBindingTwoWays.csproj", "{6B1D4082-9554-CEA1-4DDA-0476ED488EBB}"
EndProject
Project("{2150E333-8FDC-42A3-9474-1A3956D46DE8}") = "MVVM", "MVVM", "{4E8518AB-9CB5-48C3-91EA-D09842C2E77B}"
EndProject
Project("{FAE04EC0-301F-11D3-BF4B-00C04F79EFBC}") = "MVVMDemo", "MVVM\MVVMDemo\MVVMDemo.csproj", "{DE256270-A473-2034-CD9B-8614082B7C43}"
EndProject
Project("{2150E333-8FDC-42A3-9474-1A3956D46DE8}") = "StyleEx", "StyleEx", "{8CB975A1-6215-4878-B418-A5404A45C682}"
EndProject
Project("{FAE04EC0-301F-11D3-BF4B-00C04F79EFBC}") = "WpfStyleEx", "StyleEx\WpfStyleEx\WpfStyleEx.csproj", "{A71A166E-7F20-C206-DCD7-EC847BFB134A}"
EndProject
Project("{2150E333-8FDC-42A3-9474-1A3956D46DE8}") = "UIEx", "UIEx", "{06BDB3E2-CFEB-4FCB-9845-056F1883B0AF}"
EndProject
Project("{FAE04EC0-301F-11D3-BF4B-00C04F79EFBC}") = "WpfUIEx", "UIEx\WpfUIEx\WpfUIEx.csproj", "{924D1390-6731-5E2F-B19D-D7F1FF21722D}"
EndProject
Project("{2150E333-8FDC-42A3-9474-1A3956D46DE8}") = "WPFCanvas", "WPFCanvas", "{DB816055-A0C5-41E5-BFC0-B1BD83B2097A}"
EndProject
Project("{FAE04EC0-301F-11D3-BF4B-00C04F79EFBC}") = "WpfCanvasPOC", "WPFCanvas\WPFCanvasPOC\WpfCanvasPOC.csproj", "{8C9C868C-FDD2-2B75-0524-EAF247186D09}"
EndProject
Project("{FAE04EC0-301F-11D3-BF4B-00C04F79EFBC}") = "WPFListBoxBinding", "WPFDataBinding\WPFListBoxBinding\WPFListBoxBinding.csproj", "{ED030519-7C8D-4F37-9AC6-C90BF5599EAD}"
EndProject
Project("{FAE04EC0-301F-11D3-BF4B-00C04F79EFBC}") = "WPFListViewBinding", "WPFDataBinding\WPFListViewBinding\WPFListViewBinding.csproj", "{DAC54F7E-634B-54E9-55BB-6C83A0253AE6}"
EndProject
Project("{FAE04EC0-301F-11D3-BF4B-00C04F79EFBC}") = "WpfAppAsync", "WpfApp\WpfAppAsync\WpfAppAsync.csproj", "{FE7B31CC-E270-4152-91FA-813500E36EEC}"
EndProject
Global
	GlobalSection(SolutionConfigurationPlatforms) = preSolution
		Debug|Any CPU = Debug|Any CPU
		Release|Any CPU = Release|Any CPU
	EndGlobalSection
	GlobalSection(ProjectConfigurationPlatforms) = postSolution
		{CCB27DF8-3BC7-D41C-5BA3-0EC0654F28B4}.Debug|Any CPU.ActiveCfg = Debug|Any CPU
		{CCB27DF8-3BC7-D41C-5BA3-0EC0654F28B4}.Debug|Any CPU.Build.0 = Debug|Any CPU
		{CCB27DF8-3BC7-D41C-5BA3-0EC0654F28B4}.Release|Any CPU.ActiveCfg = Release|Any CPU
		{CCB27DF8-3BC7-D41C-5BA3-0EC0654F28B4}.Release|Any CPU.Build.0 = Release|Any CPU
		{0A303190-1C60-F172-719E-031EC180B926}.Debug|Any CPU.ActiveCfg = Debug|Any CPU
		{0A303190-1C60-F172-719E-031EC180B926}.Debug|Any CPU.Build.0 = Debug|Any CPU
		{0A303190-1C60-F172-719E-031EC180B926}.Release|Any CPU.ActiveCfg = Release|Any CPU
		{0A303190-1C60-F172-719E-031EC180B926}.Release|Any CPU.Build.0 = Release|Any CPU
		{C85EC645-6F4A-1ABF-1069-0DB60A2F7B50}.Debug|Any CPU.ActiveCfg = Debug|Any CPU
		{C85EC645-6F4A-1ABF-1069-0DB60A2F7B50}.Debug|Any CPU.Build.0 = Debug|Any CPU
		{C85EC645-6F4A-1ABF-1069-0DB60A2F7B50}.Release|Any CPU.ActiveCfg = Release|Any CPU
		{C85EC645-6F4A-1ABF-1069-0DB60A2F7B50}.Release|Any CPU.Build.0 = Release|Any CPU
		{6B1D4082-9554-CEA1-4DDA-0476ED488EBB}.Debug|Any CPU.ActiveCfg = Debug|Any CPU
		{6B1D4082-9554-CEA1-4DDA-0476ED488EBB}.Debug|Any CPU.Build.0 = Debug|Any CPU
		{6B1D4082-9554-CEA1-4DDA-0476ED488EBB}.Release|Any CPU.ActiveCfg = Release|Any CPU
		{6B1D4082-9554-CEA1-4DDA-0476ED488EBB}.Release|Any CPU.Build.0 = Release|Any CPU
		{DE256270-A473-2034-CD9B-8614082B7C43}.Debug|Any CPU.ActiveCfg = Debug|Any CPU
		{DE256270-A473-2034-CD9B-8614082B7C43}.Debug|Any CPU.Build.0 = Debug|Any CPU
		{DE256270-A473-2034-CD9B-8614082B7C43}.Release|Any CPU.ActiveCfg = Release|Any CPU
		{DE256270-A473-2034-CD9B-8614082B7C43}.Release|Any CPU.Build.0 = Release|Any CPU
		{A71A166E-7F20-C206-DCD7-EC847BFB134A}.Debug|Any CPU.ActiveCfg = Debug|Any CPU
		{A71A166E-7F20-C206-DCD7-EC847BFB134A}.Debug|Any CPU.Build.0 = Debug|Any CPU
		{A71A166E-7F20-C206-DCD7-EC847BFB134A}.Release|Any CPU.ActiveCfg = Release|Any CPU
		{A71A166E-7F20-C206-DCD7-EC847BFB134A}.Release|Any CPU.Build.0 = Release|Any CPU
		{924D1390-6731-5E2F-B19D-D7F1FF21722D}.Debug|Any CPU.ActiveCfg = Debug|Any CPU
		{924D1390-6731-5E2F-B19D-D7F1FF21722D}.Debug|Any CPU.Build.0 = Debug|Any CPU
		{924D1390-6731-5E2F-B19D-D7F1FF21722D}.Release|Any CPU.ActiveCfg = Release|Any CPU
		{924D1390-6731-5E2F-B19D-D7F1FF21722D}.Release|Any CPU.Build.0 = Release|Any CPU
		{8C9C868C-FDD2-2B75-0524-EAF247186D09}.Debug|Any CPU.ActiveCfg = Debug|Any CPU
		{8C9C868C-FDD2-2B75-0524-EAF247186D09}.Debug|Any CPU.Build.0 = Debug|Any CPU
		{8C9C868C-FDD2-2B75-0524-EAF247186D09}.Release|Any CPU.ActiveCfg = Release|Any CPU
		{8C9C868C-FDD2-2B75-0524-EAF247186D09}.Release|Any CPU.Build.0 = Release|Any CPU
		{ED030519-7C8D-4F37-9AC6-C90BF5599EAD}.Debug|Any CPU.ActiveCfg = Debug|Any CPU
		{ED030519-7C8D-4F37-9AC6-C90BF5599EAD}.Debug|Any CPU.Build.0 = Debug|Any CPU
		{ED030519-7C8D-4F37-9AC6-C90BF5599EAD}.Release|Any CPU.ActiveCfg = Release|Any CPU
		{ED030519-7C8D-4F37-9AC6-C90BF5599EAD}.Release|Any CPU.Build.0 = Release|Any CPU
		{DAC54F7E-634B-54E9-55BB-6C83A0253AE6}.Debug|Any CPU.ActiveCfg = Debug|Any CPU
		{DAC54F7E-634B-54E9-55BB-6C83A0253AE6}.Debug|Any CPU.Build.0 = Debug|Any CPU
		{DAC54F7E-634B-54E9-55BB-6C83A0253AE6}.Release|Any CPU.ActiveCfg = Release|Any CPU
		{DAC54F7E-634B-54E9-55BB-6C83A0253AE6}.Release|Any CPU.Build.0 = Release|Any CPU
		{FE7B31CC-E270-4152-91FA-813500E36EEC}.Debug|Any CPU.ActiveCfg = Debug|Any CPU
		{FE7B31CC-E270-4152-91FA-813500E36EEC}.Debug|Any CPU.Build.0 = Debug|Any CPU
		{FE7B31CC-E270-4152-91FA-813500E36EEC}.Release|Any CPU.ActiveCfg = Release|Any CPU
		{FE7B31CC-E270-4152-91FA-813500E36EEC}.Release|Any CPU.Build.0 = Release|Any CPU
	EndGlobalSection
	GlobalSection(SolutionProperties) = preSolution
		HideSolutionNode = FALSE
	EndGlobalSection
	GlobalSection(NestedProjects) = preSolution
		{CCB27DF8-3BC7-D41C-5BA3-0EC0654F28B4} = {02EA681E-C7D8-13C7-8484-4AC65E1B71E8}
		{0A303190-1C60-F172-719E-031EC180B926} = {02EA681E-C7D8-13C7-8484-4AC65E1B71E8}
		{C85EC645-6F4A-1ABF-1069-0DB60A2F7B50} = {D3CD7E9E-B12D-485B-AE4D-4D605DC039CA}
		{6B1D4082-9554-CEA1-4DDA-0476ED488EBB} = {D3CD7E9E-B12D-485B-AE4D-4D605DC039CA}
		{DE256270-A473-2034-CD9B-8614082B7C43} = {4E8518AB-9CB5-48C3-91EA-D09842C2E77B}
		{A71A166E-7F20-C206-DCD7-EC847BFB134A} = {8CB975A1-6215-4878-B418-A5404A45C682}
		{924D1390-6731-5E2F-B19D-D7F1FF21722D} = {06BDB3E2-CFEB-4FCB-9845-056F1883B0AF}
		{8C9C868C-FDD2-2B75-0524-EAF247186D09} = {DB816055-A0C5-41E5-BFC0-B1BD83B2097A}
		{ED030519-7C8D-4F37-9AC6-C90BF5599EAD} = {D3CD7E9E-B12D-485B-AE4D-4D605DC039CA}
		{DAC54F7E-634B-54E9-55BB-6C83A0253AE6} = {D3CD7E9E-B12D-485B-AE4D-4D605DC039CA}
		{FE7B31CC-E270-4152-91FA-813500E36EEC} = {02EA681E-C7D8-13C7-8484-4AC65E1B71E8}
	EndGlobalSection
	GlobalSection(ExtensibilityGlobals) = postSolution
		SolutionGuid = {F67CCF59-F273-4F81-B355-8B42C1089794}
	EndGlobalSection
EndGlobal
